
Microsoft Visual Studio Solution File, Format Version 12.00
# Visual Studio Version 16
VisualStudioVersion = 16.0.30717.126
MinimumVisualStudioVersion = 10.0.40219.1
Project("{FAE04EC0-301F-11D3-BF4B-00C04F79EFBC}") = "Block1", "Block1\Block1.csproj", "{B2DDD423-9581-4343-B6EF-69139DCE07FB}"
EndProject
Global
	GlobalSection(SolutionConfigurationPlatforms) = preSolution
		Debug|Any CPU = Debug|Any CPU
		Release|Any CPU = Release|Any CPU
	EndGlobalSection
	GlobalSection(ProjectConfigurationPlatforms) = postSolution
		{B2DDD423-9581-4343-B6EF-69139DCE07FB}.Debug|Any CPU.ActiveCfg = Debug|Any CPU
		{B2DDD423-9581-4343-B6EF-69139DCE07FB}.Debug|Any CPU.Build.0 = Debug|Any CPU
		{B2DDD423-9581-4343-B6EF-69139DCE07FB}.Release|Any CPU.ActiveCfg = Release|Any CPU
		{B2DDD423-9581-4343-B6EF-69139DCE07FB}.Release|Any CPU.Build.0 = Release|Any CPU
	EndGlobalSection
	GlobalSection(SolutionProperties) = preSolution
		HideSolutionNode = FALSE
	EndGlobalSection
	GlobalSection(ExtensibilityGlobals) = postSolution
		SolutionGuid = {21AD8E9B-ECE2-4695-8B82-83EC99F3BAB1}
	EndGlobalSection
EndGlobal
